{
  "name": "eventtrackingapp",
  "version": "1.0.0",
  "lockfileVersion": 2,
  "requires": true,
  "packages": {
    "": {
      "name": "eventtrackingapp",
      "version": "1.0.0",
      "license": "ISC",
      "dependencies": {
        "date-managing": "^2.0.0",
        "readline": "^1.3.0"
      }
    },
    "node_modules/date-managing": {
      "version": "2.0.0",
      "resolved": "https://registry.npmjs.org/date-managing/-/date-managing-2.0.0.tgz",
      "integrity": "sha512-Y80HGPL4Z+F+Oh5vLAe7KdPEEU6swHhh/JW8xNE1GMyz2qbNJE3M5mBbT8yJBF98H0Wv8glg30FUQ7QXIUxBFQ=="
    },
    "node_modules/readline": {
      "version": "1.3.0",
      "resolved": "https://registry.npmjs.org/readline/-/readline-1.3.0.tgz",
      "integrity": "sha512-k2d6ACCkiNYz222Fs/iNze30rRJ1iIicW7JuX/7/cozvih6YCkFZH+J6mAFDVgv0dRBaAyr4jDqC95R2y4IADg=="
    }
  },
  "dependencies": {
    "date-managing": {
      "version": "2.0.0",
      "resolved": "https://registry.npmjs.org/date-managing/-/date-managing-2.0.0.tgz",
      "integrity": "sha512-Y80HGPL4Z+F+Oh5vLAe7KdPEEU6swHhh/JW8xNE1GMyz2qbNJE3M5mBbT8yJBF98H0Wv8glg30FUQ7QXIUxBFQ=="
    },
    "readline": {
      "version": "1.3.0",
      "resolved": "https://registry.npmjs.org/readline/-/readline-1.3.0.tgz",
      "integrity": "sha512-k2d6ACCkiNYz222Fs/iNze30rRJ1iIicW7JuX/7/cozvih6YCkFZH+J6mAFDVgv0dRBaAyr4jDqC95R2y4IADg=="
    }
  }
}
